
Microsoft Visual Studio Solution File, Format Version 12.00
# Visual Studio 14
VisualStudioVersion = 14.0.24720.0
MinimumVisualStudioVersion = 10.0.40219.1
Project("{FAE04EC0-301F-11D3-BF4B-00C04F79EFBC}") = "NETCompile", "NETCompile\NETCompile.csproj", "{C81E3984-0A60-4AB1-B002-E7239EA87BCD}"
EndProject
Project("{FAE04EC0-301F-11D3-BF4B-00C04F79EFBC}") = "NETCompile Tester", "NETCompile Tester\NETCompile Tester.csproj", "{6CA37ED8-E1FC-487F-8A31-29FB40BFFEA6}"
EndProject
Global
	GlobalSection(SolutionConfigurationPlatforms) = preSolution
		Debug|Any CPU = Debug|Any CPU
		Release|Any CPU = Release|Any CPU
	EndGlobalSection
	GlobalSection(ProjectConfigurationPlatforms) = postSolution
		{C81E3984-0A60-4AB1-B002-E7239EA87BCD}.Debug|Any CPU.ActiveCfg = Debug|Any CPU
		{C81E3984-0A60-4AB1-B002-E7239EA87BCD}.Debug|Any CPU.Build.0 = Debug|Any CPU
		{C81E3984-0A60-4AB1-B002-E7239EA87BCD}.Release|Any CPU.ActiveCfg = Release|Any CPU
		{C81E3984-0A60-4AB1-B002-E7239EA87BCD}.Release|Any CPU.Build.0 = Release|Any CPU
		{6CA37ED8-E1FC-487F-8A31-29FB40BFFEA6}.Debug|Any CPU.ActiveCfg = Debug|Any CPU
		{6CA37ED8-E1FC-487F-8A31-29FB40BFFEA6}.Debug|Any CPU.Build.0 = Debug|Any CPU
		{6CA37ED8-E1FC-487F-8A31-29FB40BFFEA6}.Release|Any CPU.ActiveCfg = Release|Any CPU
		{6CA37ED8-E1FC-487F-8A31-29FB40BFFEA6}.Release|Any CPU.Build.0 = Release|Any CPU
	EndGlobalSection
	GlobalSection(SolutionProperties) = preSolution
		HideSolutionNode = FALSE
	EndGlobalSection
EndGlobal
